
Microsoft Visual Studio Solution File, Format Version 12.00
# Visual Studio Version 18
VisualStudioVersion = 18.0.11205.157
MinimumVisualStudioVersion = 10.0.40219.1
Project("{9A19103F-16F7-4668-BE54-9A1E7A4F7556}") = "TestDb", "TestDb\TestDb.csproj", "{1F4CF232-30FF-4BA5-9E6D-D17FF341681A}"
EndProject
Project("{2150E333-8FDC-42A3-9474-1A3956D46DE8}") = "Solution Items", "Solution Items", "{3006B1AA-EBE0-4F26-A769-04FEE465D775}"
	ProjectSection(SolutionItems) = preProject
		.editorconfig = .editorconfig
		.gitignore = .gitignore
		Directory.Build.props = Directory.Build.props
		global.json = global.json
		LICENSE.txt = LICENSE.txt
		README.md = README.md
	EndProjectSection
EndProject
Project("{2150E333-8FDC-42A3-9474-1A3956D46DE8}") = "Workflows", "Workflows", "{8861228F-10D1-4549-917D-D6465C189DA4}"
	ProjectSection(SolutionItems) = preProject
		.github\workflows\build_check.yml = .github\workflows\build_check.yml
		.github\workflows\publish_release.yml = .github\workflows\publish_release.yml
		.github\workflows\push_master.yml = .github\workflows\push_master.yml
	EndProjectSection
EndProject
Project("{FAE04EC0-301F-11D3-BF4B-00C04F79EFBC}") = "ConsoleApp", "ConsoleApp\ConsoleApp.csproj", "{9E9DBF15-398B-47F2-BF5A-F505AC41E38E}"
EndProject
Project("{FAE04EC0-301F-11D3-BF4B-00C04F79EFBC}") = "AppDb", "AppDb\AppDb.csproj", "{9ED919B6-E2D5-45F3-B534-8DCAF6379417}"
EndProject
Project("{FAE04EC0-301F-11D3-BF4B-00C04F79EFBC}") = "AppServices", "AppServices\AppServices.csproj", "{7B255B16-B119-4273-888F-098743AFC879}"
EndProject
Project("{FAE04EC0-301F-11D3-BF4B-00C04F79EFBC}") = "AppGraphQL", "AppGraphQL\AppGraphQL.csproj", "{B3F3123A-386B-448D-B378-C9A09A90E219}"
EndProject
Project("{FAE04EC0-301F-11D3-BF4B-00C04F79EFBC}") = "AppServer", "AppServer\AppServer.csproj", "{A059E4B8-CB46-465C-8A00-A04B3AB6CCBC}"
EndProject
Project("{FAE04EC0-301F-11D3-BF4B-00C04F79EFBC}") = "Tests", "Tests\Tests.csproj", "{2B562EB2-3446-4429-95FB-88B70DB1F568}"
EndProject
Project("{54A90642-561A-4BB1-A94E-469ADEE60C69}") = "ReactApp", "ReactApp\ReactApp.esproj", "{548ADD83-8E6C-46A6-A4E1-70F5DCF61BE0}"
EndProject
Project("{FAE04EC0-301F-11D3-BF4B-00C04F79EFBC}") = "Documentation", "docs\Documentation.csproj", "{C957C002-C383-9E71-4D68-B50B885AC19B}"
EndProject
Global
	GlobalSection(SolutionConfigurationPlatforms) = preSolution
		Debug|Any CPU = Debug|Any CPU
		Release|Any CPU = Release|Any CPU
	EndGlobalSection
	GlobalSection(ProjectConfigurationPlatforms) = postSolution
		{1F4CF232-30FF-4BA5-9E6D-D17FF341681A}.Debug|Any CPU.ActiveCfg = Debug|Any CPU
		{1F4CF232-30FF-4BA5-9E6D-D17FF341681A}.Debug|Any CPU.Build.0 = Debug|Any CPU
		{1F4CF232-30FF-4BA5-9E6D-D17FF341681A}.Release|Any CPU.ActiveCfg = Release|Any CPU
		{1F4CF232-30FF-4BA5-9E6D-D17FF341681A}.Release|Any CPU.Build.0 = Release|Any CPU
		{9E9DBF15-398B-47F2-BF5A-F505AC41E38E}.Debug|Any CPU.ActiveCfg = Debug|Any CPU
		{9E9DBF15-398B-47F2-BF5A-F505AC41E38E}.Debug|Any CPU.Build.0 = Debug|Any CPU
		{9E9DBF15-398B-47F2-BF5A-F505AC41E38E}.Release|Any CPU.ActiveCfg = Release|Any CPU
		{9E9DBF15-398B-47F2-BF5A-F505AC41E38E}.Release|Any CPU.Build.0 = Release|Any CPU
		{9ED919B6-E2D5-45F3-B534-8DCAF6379417}.Debug|Any CPU.ActiveCfg = Debug|Any CPU
		{9ED919B6-E2D5-45F3-B534-8DCAF6379417}.Debug|Any CPU.Build.0 = Debug|Any CPU
		{9ED919B6-E2D5-45F3-B534-8DCAF6379417}.Release|Any CPU.ActiveCfg = Release|Any CPU
		{9ED919B6-E2D5-45F3-B534-8DCAF6379417}.Release|Any CPU.Build.0 = Release|Any CPU
		{7B255B16-B119-4273-888F-098743AFC879}.Debug|Any CPU.ActiveCfg = Debug|Any CPU
		{7B255B16-B119-4273-888F-098743AFC879}.Debug|Any CPU.Build.0 = Debug|Any CPU
		{7B255B16-B119-4273-888F-098743AFC879}.Release|Any CPU.ActiveCfg = Release|Any CPU
		{7B255B16-B119-4273-888F-098743AFC879}.Release|Any CPU.Build.0 = Release|Any CPU
		{B3F3123A-386B-448D-B378-C9A09A90E219}.Debug|Any CPU.ActiveCfg = Debug|Any CPU
		{B3F3123A-386B-448D-B378-C9A09A90E219}.Debug|Any CPU.Build.0 = Debug|Any CPU
		{B3F3123A-386B-448D-B378-C9A09A90E219}.Release|Any CPU.ActiveCfg = Release|Any CPU
		{B3F3123A-386B-448D-B378-C9A09A90E219}.Release|Any CPU.Build.0 = Release|Any CPU
		{A059E4B8-CB46-465C-8A00-A04B3AB6CCBC}.Debug|Any CPU.ActiveCfg = Debug|Any CPU
		{A059E4B8-CB46-465C-8A00-A04B3AB6CCBC}.Debug|Any CPU.Build.0 = Debug|Any CPU
		{A059E4B8-CB46-465C-8A00-A04B3AB6CCBC}.Release|Any CPU.ActiveCfg = Release|Any CPU
		{A059E4B8-CB46-465C-8A00-A04B3AB6CCBC}.Release|Any CPU.Build.0 = Release|Any CPU
		{2B562EB2-3446-4429-95FB-88B70DB1F568}.Debug|Any CPU.ActiveCfg = Debug|Any CPU
		{2B562EB2-3446-4429-95FB-88B70DB1F568}.Debug|Any CPU.Build.0 = Debug|Any CPU
		{2B562EB2-3446-4429-95FB-88B70DB1F568}.Release|Any CPU.ActiveCfg = Release|Any CPU
		{2B562EB2-3446-4429-95FB-88B70DB1F568}.Release|Any CPU.Build.0 = Release|Any CPU
		{548ADD83-8E6C-46A6-A4E1-70F5DCF61BE0}.Debug|Any CPU.ActiveCfg = Debug|Any CPU
		{548ADD83-8E6C-46A6-A4E1-70F5DCF61BE0}.Debug|Any CPU.Build.0 = Debug|Any CPU
		{548ADD83-8E6C-46A6-A4E1-70F5DCF61BE0}.Debug|Any CPU.Deploy.0 = Debug|Any CPU
		{548ADD83-8E6C-46A6-A4E1-70F5DCF61BE0}.Release|Any CPU.ActiveCfg = Release|Any CPU
		{548ADD83-8E6C-46A6-A4E1-70F5DCF61BE0}.Release|Any CPU.Build.0 = Release|Any CPU
		{548ADD83-8E6C-46A6-A4E1-70F5DCF61BE0}.Release|Any CPU.Deploy.0 = Release|Any CPU
		{C957C002-C383-9E71-4D68-B50B885AC19B}.Debug|Any CPU.ActiveCfg = Debug|Any CPU
		{C957C002-C383-9E71-4D68-B50B885AC19B}.Release|Any CPU.ActiveCfg = Release|Any CPU
	EndGlobalSection
	GlobalSection(SolutionProperties) = preSolution
		HideSolutionNode = FALSE
	EndGlobalSection
	GlobalSection(ExtensibilityGlobals) = postSolution
		SolutionGuid = {5A995A44-3558-484F-BD0D-84D0730403F9}
	EndGlobalSection
EndGlobal
